
Microsoft Visual Studio Solution File, Format Version 12.00
# Visual Studio Version 17
VisualStudioVersion = 17.14.36327.8 d17.14
MinimumVisualStudioVersion = 10.0.40219.1
Project("{FAE04EC0-301F-11D3-BF4B-00C04F79EFBC}") = "Ecommerce.Core", "Ecommerce.Core\Ecommerce.Core.csproj", "{CEEE3F86-BB08-465F-8E20-4457A3D6D345}"
EndProject
Project("{FAE04EC0-301F-11D3-BF4B-00C04F79EFBC}") = "Ecommerce.Application", "Ecommerce.Application\Ecommerce.Application.csproj", "{2E94FEE1-59B0-483A-B262-3EAA8F87F38A}"
EndProject
Project("{FAE04EC0-301F-11D3-BF4B-00C04F79EFBC}") = "Ecommerce.Infrastructure", "Ecommerce.Infrastracture\Ecommerce.Infrastructure.csproj", "{413EB5D7-B6DE-4330-86AD-EEB72ED27B42}"
EndProject
Project("{FAE04EC0-301F-11D3-BF4B-00C04F79EFBC}") = "Ecoomerce.Web", "Ecoomerce.Web\Ecoomerce.Web.csproj", "{AB0CB69A-B066-4968-97B5-9AC32845C15F}"
EndProject
Global
	GlobalSection(SolutionConfigurationPlatforms) = preSolution
		Debug|Any CPU = Debug|Any CPU
		Release|Any CPU = Release|Any CPU
	EndGlobalSection
	GlobalSection(ProjectConfigurationPlatforms) = postSolution
		{CEEE3F86-BB08-465F-8E20-4457A3D6D345}.Debug|Any CPU.ActiveCfg = Debug|Any CPU
		{CEEE3F86-BB08-465F-8E20-4457A3D6D345}.Debug|Any CPU.Build.0 = Debug|Any CPU
		{CEEE3F86-BB08-465F-8E20-4457A3D6D345}.Release|Any CPU.ActiveCfg = Release|Any CPU
		{CEEE3F86-BB08-465F-8E20-4457A3D6D345}.Release|Any CPU.Build.0 = Release|Any CPU
		{2E94FEE1-59B0-483A-B262-3EAA8F87F38A}.Debug|Any CPU.ActiveCfg = Debug|Any CPU
		{2E94FEE1-59B0-483A-B262-3EAA8F87F38A}.Debug|Any CPU.Build.0 = Debug|Any CPU
		{2E94FEE1-59B0-483A-B262-3EAA8F87F38A}.Release|Any CPU.ActiveCfg = Release|Any CPU
		{2E94FEE1-59B0-483A-B262-3EAA8F87F38A}.Release|Any CPU.Build.0 = Release|Any CPU
		{413EB5D7-B6DE-4330-86AD-EEB72ED27B42}.Debug|Any CPU.ActiveCfg = Debug|Any CPU
		{413EB5D7-B6DE-4330-86AD-EEB72ED27B42}.Debug|Any CPU.Build.0 = Debug|Any CPU
		{413EB5D7-B6DE-4330-86AD-EEB72ED27B42}.Release|Any CPU.ActiveCfg = Release|Any CPU
		{413EB5D7-B6DE-4330-86AD-EEB72ED27B42}.Release|Any CPU.Build.0 = Release|Any CPU
		{AB0CB69A-B066-4968-97B5-9AC32845C15F}.Debug|Any CPU.ActiveCfg = Debug|Any CPU
		{AB0CB69A-B066-4968-97B5-9AC32845C15F}.Debug|Any CPU.Build.0 = Debug|Any CPU
		{AB0CB69A-B066-4968-97B5-9AC32845C15F}.Release|Any CPU.ActiveCfg = Release|Any CPU
		{AB0CB69A-B066-4968-97B5-9AC32845C15F}.Release|Any CPU.Build.0 = Release|Any CPU
	EndGlobalSection
	GlobalSection(SolutionProperties) = preSolution
		HideSolutionNode = FALSE
	EndGlobalSection
	GlobalSection(ExtensibilityGlobals) = postSolution
		SolutionGuid = {AD9C1BFD-2BBD-4C0B-9C7C-ED94A0FEB303}
	EndGlobalSection
EndGlobal
